
Microsoft Visual Studio Solution File, Format Version 12.00
Project("{FAE04EC0-301F-11D3-BF4B-00C04F79EFBC}") = "MatLibMini", "MatLibMini\MatLibMini.csproj", "{3D91625A-A564-4CDF-831B-4F09FC81CCEC}"
EndProject
Global
	GlobalSection(SolutionConfigurationPlatforms) = preSolution
		Debug|Any CPU = Debug|Any CPU
		Release|Any CPU = Release|Any CPU
	EndGlobalSection
	GlobalSection(ProjectConfigurationPlatforms) = postSolution
		{3D91625A-A564-4CDF-831B-4F09FC81CCEC}.Debug|Any CPU.ActiveCfg = Debug|Any CPU
		{3D91625A-A564-4CDF-831B-4F09FC81CCEC}.Debug|Any CPU.Build.0 = Debug|Any CPU
		{3D91625A-A564-4CDF-831B-4F09FC81CCEC}.Release|Any CPU.ActiveCfg = Release|Any CPU
		{3D91625A-A564-4CDF-831B-4F09FC81CCEC}.Release|Any CPU.Build.0 = Release|Any CPU
	EndGlobalSection
EndGlobal
